
Microsoft Visual Studio Solution File, Format Version 12.00
# Visual Studio Version 17
VisualStudioVersion = 17.9.34622.214
MinimumVisualStudioVersion = 10.0.40219.1
Project("{FAE04EC0-301F-11D3-BF4B-00C04F79EFBC}") = "Triangulos.ConsoleApp", "src\Triangulos.ConsoleApp\Triangulos.ConsoleApp.csproj", "{5969CD6B-00BD-4365-BD61-98A3A3317DB1}"
EndProject
Global
	GlobalSection(SolutionConfigurationPlatforms) = preSolution
		Debug|Any CPU = Debug|Any CPU
		Release|Any CPU = Release|Any CPU
	EndGlobalSection
	GlobalSection(ProjectConfigurationPlatforms) = postSolution
		{5969CD6B-00BD-4365-BD61-98A3A3317DB1}.Debug|Any CPU.ActiveCfg = Debug|Any CPU
		{5969CD6B-00BD-4365-BD61-98A3A3317DB1}.Debug|Any CPU.Build.0 = Debug|Any CPU
		{5969CD6B-00BD-4365-BD61-98A3A3317DB1}.Release|Any CPU.ActiveCfg = Release|Any CPU
		{5969CD6B-00BD-4365-BD61-98A3A3317DB1}.Release|Any CPU.Build.0 = Release|Any CPU
	EndGlobalSection
	GlobalSection(SolutionProperties) = preSolution
		HideSolutionNode = FALSE
	EndGlobalSection
	GlobalSection(ExtensibilityGlobals) = postSolution
		SolutionGuid = {96B32030-72F9-4CC0-B354-225EBD56791E}
	EndGlobalSection
EndGlobal
